
Microsoft Visual Studio Solution File, Format Version 12.00
# Visual Studio Version 17
VisualStudioVersion = 17.5.33516.290
MinimumVisualStudioVersion = 10.0.40219.1
Project("{FAE04EC0-301F-11D3-BF4B-00C04F79EFBC}") = "Dashboard", "Dashboard\Dashboard.csproj", "{61B704E7-3BFB-4E6F-BD98-A96290804ACB}"
EndProject
Global
	GlobalSection(SolutionConfigurationPlatforms) = preSolution
		Debug|Any CPU = Debug|Any CPU
		Release|Any CPU = Release|Any CPU
	EndGlobalSection
	GlobalSection(ProjectConfigurationPlatforms) = postSolution
		{61B704E7-3BFB-4E6F-BD98-A96290804ACB}.Debug|Any CPU.ActiveCfg = Debug|Any CPU
		{61B704E7-3BFB-4E6F-BD98-A96290804ACB}.Debug|Any CPU.Build.0 = Debug|Any CPU
		{61B704E7-3BFB-4E6F-BD98-A96290804ACB}.Release|Any CPU.ActiveCfg = Release|Any CPU
		{61B704E7-3BFB-4E6F-BD98-A96290804ACB}.Release|Any CPU.Build.0 = Release|Any CPU
	EndGlobalSection
	GlobalSection(SolutionProperties) = preSolution
		HideSolutionNode = FALSE
	EndGlobalSection
	GlobalSection(ExtensibilityGlobals) = postSolution
		SolutionGuid = {720B2D06-5CB6-4EAD-886D-5DF9D3331066}
	EndGlobalSection
EndGlobal
