
Microsoft Visual Studio Solution File, Format Version 12.00
# Visual Studio Version 17
VisualStudioVersion = 17.5.33516.290
MinimumVisualStudioVersion = 10.0.40219.1
Project("{9A19103F-16F7-4668-BE54-9A1E7A4F7556}") = "Dashboard", "Dashboard\Dashboard.csproj", "{61B704E7-3BFB-4E6F-BD98-A96290804ACB}"
EndProject
Project("{9A19103F-16F7-4668-BE54-9A1E7A4F7556}") = "Client", "..\Client\Client\Client.csproj", "{E12935CF-0C4F-49E6-88E3-CB464E24353B}"
EndProject
Project("{FAE04EC0-301F-11D3-BF4B-00C04F79EFBC}") = "Shared", "..\Shared\Shared.csproj", "{61240DED-C55D-4EA7-B8C5-F7966218F541}"
EndProject
Global
	GlobalSection(SolutionConfigurationPlatforms) = preSolution
		Debug|Any CPU = Debug|Any CPU
		Release|Any CPU = Release|Any CPU
	EndGlobalSection
	GlobalSection(ProjectConfigurationPlatforms) = postSolution
		{61B704E7-3BFB-4E6F-BD98-A96290804ACB}.Debug|Any CPU.ActiveCfg = Debug|Any CPU
		{61B704E7-3BFB-4E6F-BD98-A96290804ACB}.Debug|Any CPU.Build.0 = Debug|Any CPU
		{61B704E7-3BFB-4E6F-BD98-A96290804ACB}.Release|Any CPU.ActiveCfg = Release|Any CPU
		{61B704E7-3BFB-4E6F-BD98-A96290804ACB}.Release|Any CPU.Build.0 = Release|Any CPU
		{E12935CF-0C4F-49E6-88E3-CB464E24353B}.Debug|Any CPU.ActiveCfg = Debug|Any CPU
		{E12935CF-0C4F-49E6-88E3-CB464E24353B}.Debug|Any CPU.Build.0 = Debug|Any CPU
		{E12935CF-0C4F-49E6-88E3-CB464E24353B}.Release|Any CPU.ActiveCfg = Release|Any CPU
		{E12935CF-0C4F-49E6-88E3-CB464E24353B}.Release|Any CPU.Build.0 = Release|Any CPU
		{61240DED-C55D-4EA7-B8C5-F7966218F541}.Debug|Any CPU.ActiveCfg = Debug|Any CPU
		{61240DED-C55D-4EA7-B8C5-F7966218F541}.Debug|Any CPU.Build.0 = Debug|Any CPU
		{61240DED-C55D-4EA7-B8C5-F7966218F541}.Release|Any CPU.ActiveCfg = Release|Any CPU
		{61240DED-C55D-4EA7-B8C5-F7966218F541}.Release|Any CPU.Build.0 = Release|Any CPU
	EndGlobalSection
	GlobalSection(SolutionProperties) = preSolution
		HideSolutionNode = FALSE
	EndGlobalSection
	GlobalSection(ExtensibilityGlobals) = postSolution
		SolutionGuid = {720B2D06-5CB6-4EAD-886D-5DF9D3331066}
	EndGlobalSection
EndGlobal
